
Microsoft Visual Studio Solution File, Format Version 12.00
# Visual Studio Version 16
VisualStudioVersion = 16.0.30621.155
MinimumVisualStudioVersion = 10.0.40219.1
Project("{FAE04EC0-301F-11D3-BF4B-00C04F79EFBC}") = "Tool1", "Tool1\Tool1.csproj", "{8C6549FF-5B5B-4C7A-9DC6-F312330C9B50}"
EndProject
Global
	GlobalSection(SolutionConfigurationPlatforms) = preSolution
		Debug|Any CPU = Debug|Any CPU
		Release|Any CPU = Release|Any CPU
	EndGlobalSection
	GlobalSection(ProjectConfigurationPlatforms) = postSolution
		{8C6549FF-5B5B-4C7A-9DC6-F312330C9B50}.Debug|Any CPU.ActiveCfg = Debug|Any CPU
		{8C6549FF-5B5B-4C7A-9DC6-F312330C9B50}.Debug|Any CPU.Build.0 = Debug|Any CPU
		{8C6549FF-5B5B-4C7A-9DC6-F312330C9B50}.Release|Any CPU.ActiveCfg = Release|Any CPU
	EndGlobalSection
	GlobalSection(SolutionProperties) = preSolution
		HideSolutionNode = FALSE
	EndGlobalSection
	GlobalSection(ExtensibilityGlobals) = postSolution
		SolutionGuid = {B0162867-4F7B-418E-8D3F-445E9064F636}
	EndGlobalSection
EndGlobal
